// !$*UTF8*$!
{
	archiveVersion = 1;
	classes = {
	};
	objectVersion = 55;
	objects = {

/* Begin PBXBuildFile section */
		A220F7A3288DA7A20089EE56 /* ExceptionPractice.cpp in Sources */ = {isa = PBXBuildFile; fileRef = A220F7A1288DA7A20089EE56 /* ExceptionPractice.cpp */; };
		A220F7A6288DAAEF0089EE56 /* TextFilePractice.cpp in Sources */ = {isa = PBXBuildFile; fileRef = A220F7A4288DAAEF0089EE56 /* TextFilePractice.cpp */; };
		A2B69991287F8F88008C6A9F /* main.cpp in Sources */ = {isa = PBXBuildFile; fileRef = A2B69990287F8F88008C6A9F /* main.cpp */; };
		A2B69999287F9EDA008C6A9F /* Point.cpp in Sources */ = {isa = PBXBuildFile; fileRef = A2B69997287F9EDA008C6A9F /* Point.cpp */; };
		A2B6999C28820829008C6A9F /* HashTable.cpp in Sources */ = {isa = PBXBuildFile; fileRef = A2B6999A28820829008C6A9F /* HashTable.cpp */; };
		A2BC39BD2886229B001A3D4C /* LinkedList.cpp in Sources */ = {isa = PBXBuildFile; fileRef = A2BC39BB2886229B001A3D4C /* LinkedList.cpp */; };
		A2C1AF512887259900B89459 /* testingtster.mm in Sources */ = {isa = PBXBuildFile; fileRef = A2C1AF502887259900B89459 /* testingtster.mm */; };
		A2C1AF5228872A2500B89459 /* LinkedList.cpp in Sources */ = {isa = PBXBuildFile; fileRef = A2BC39BB2886229B001A3D4C /* LinkedList.cpp */; };
		A2C1AF55288747CC00B89459 /* BitManipulator.cpp in Sources */ = {isa = PBXBuildFile; fileRef = A2C1AF53288747CC00B89459 /* BitManipulator.cpp */; };
/* End PBXBuildFile section */

/* Begin PBXCopyFilesBuildPhase section */
		A2B6998B287F8F88008C6A9F /* CopyFiles */ = {
			isa = PBXCopyFilesBuildPhase;
			buildActionMask = 2147483647;
			dstPath = /usr/share/man/man1/;
			dstSubfolderSpec = 0;
			files = (
			);
			runOnlyForDeploymentPostprocessing = 1;
		};
/* End PBXCopyFilesBuildPhase section */

/* Begin PBXFileReference section */
		A220F7A1288DA7A20089EE56 /* ExceptionPractice.cpp */ = {isa = PBXFileReference; lastKnownFileType = sourcecode.cpp.cpp; path = ExceptionPractice.cpp; sourceTree = "<group>"; };
		A220F7A2288DA7A20089EE56 /* ExceptionPractice.hpp */ = {isa = PBXFileReference; lastKnownFileType = sourcecode.cpp.h; path = ExceptionPractice.hpp; sourceTree = "<group>"; };
		A220F7A4288DAAEF0089EE56 /* TextFilePractice.cpp */ = {isa = PBXFileReference; lastKnownFileType = sourcecode.cpp.cpp; path = TextFilePractice.cpp; sourceTree = "<group>"; };
		A220F7A5288DAAEF0089EE56 /* TextFilePractice.hpp */ = {isa = PBXFileReference; lastKnownFileType = sourcecode.cpp.h; path = TextFilePractice.hpp; sourceTree = "<group>"; };
		A2B6998D287F8F88008C6A9F /* PracticeC++ */ = {isa = PBXFileReference; explicitFileType = "compiled.mach-o.executable"; includeInIndex = 0; path = "PracticeC++"; sourceTree = BUILT_PRODUCTS_DIR; };
		A2B69990287F8F88008C6A9F /* main.cpp */ = {isa = PBXFileReference; lastKnownFileType = sourcecode.cpp.cpp; path = main.cpp; sourceTree = "<group>"; };
		A2B69997287F9EDA008C6A9F /* Point.cpp */ = {isa = PBXFileReference; lastKnownFileType = sourcecode.cpp.cpp; path = Point.cpp; sourceTree = "<group>"; };
		A2B69998287F9EDA008C6A9F /* Point.hpp */ = {isa = PBXFileReference; lastKnownFileType = sourcecode.cpp.h; path = Point.hpp; sourceTree = "<group>"; };
		A2B6999A28820829008C6A9F /* HashTable.cpp */ = {isa = PBXFileReference; lastKnownFileType = sourcecode.cpp.cpp; path = HashTable.cpp; sourceTree = "<group>"; };
		A2B6999B28820829008C6A9F /* HashTable.hpp */ = {isa = PBXFileReference; lastKnownFileType = sourcecode.cpp.h; path = HashTable.hpp; sourceTree = "<group>"; };
		A2BBCAEB288DCD6F00E14EF1 /* test.txt */ = {isa = PBXFileReference; fileEncoding = 4; lastKnownFileType = text; path = test.txt; sourceTree = "<group>"; };
		A2BC39BB2886229B001A3D4C /* LinkedList.cpp */ = {isa = PBXFileReference; lastKnownFileType = sourcecode.cpp.cpp; path = LinkedList.cpp; sourceTree = "<group>"; };
		A2BC39BC2886229B001A3D4C /* LinkedList.hpp */ = {isa = PBXFileReference; lastKnownFileType = sourcecode.cpp.h; path = LinkedList.hpp; sourceTree = "<group>"; };
		A2C1AF3828870E6100B89459 /* UnitTester.xctest */ = {isa = PBXFileReference; explicitFileType = wrapper.cfbundle; includeInIndex = 0; path = UnitTester.xctest; sourceTree = BUILT_PRODUCTS_DIR; };
		A2C1AF4728871FB700B89459 /* testingtster.xctest */ = {isa = PBXFileReference; explicitFileType = wrapper.cfbundle; includeInIndex = 0; path = testingtster.xctest; sourceTree = BUILT_PRODUCTS_DIR; };
		A2C1AF502887259900B89459 /* testingtster.mm */ = {isa = PBXFileReference; lastKnownFileType = sourcecode.cpp.objcpp; path = testingtster.mm; sourceTree = "<group>"; };
		A2C1AF53288747CC00B89459 /* BitManipulator.cpp */ = {isa = PBXFileReference; lastKnownFileType = sourcecode.cpp.cpp; path = BitManipulator.cpp; sourceTree = "<group>"; };
		A2C1AF54288747CC00B89459 /* BitManipulator.hpp */ = {isa = PBXFileReference; lastKnownFileType = sourcecode.cpp.h; path = BitManipulator.hpp; sourceTree = "<group>"; };
/* End PBXFileReference section */

/* Begin PBXFrameworksBuildPhase section */
		A2B6998A287F8F88008C6A9F /* Frameworks */ = {
			isa = PBXFrameworksBuildPhase;
			buildActionMask = 2147483647;
			files = (
			);
			runOnlyForDeploymentPostprocessing = 0;
		};
		A2C1AF3528870E6100B89459 /* Frameworks */ = {
			isa = PBXFrameworksBuildPhase;
			buildActionMask = 2147483647;
			files = (
			);
			runOnlyForDeploymentPostprocessing = 0;
		};
		A2C1AF4428871FB700B89459 /* Frameworks */ = {
			isa = PBXFrameworksBuildPhase;
			buildActionMask = 2147483647;
			files = (
			);
			runOnlyForDeploymentPostprocessing = 0;
		};
/* End PBXFrameworksBuildPhase section */

/* Begin PBXGroup section */
		A2B69984287F8F88008C6A9F = {
			isa = PBXGroup;
			children = (
				A2B6998F287F8F88008C6A9F /* PracticeC++ */,
				A2C1AF4828871FB700B89459 /* testingtster */,
				A2B6998E287F8F88008C6A9F /* Products */,
			);
			sourceTree = "<group>";
		};
		A2B6998E287F8F88008C6A9F /* Products */ = {
			isa = PBXGroup;
			children = (
				A2B6998D287F8F88008C6A9F /* PracticeC++ */,
				A2C1AF3828870E6100B89459 /* UnitTester.xctest */,
				A2C1AF4728871FB700B89459 /* testingtster.xctest */,
			);
			name = Products;
			sourceTree = "<group>";
		};
		A2B6998F287F8F88008C6A9F /* PracticeC++ */ = {
			isa = PBXGroup;
			children = (
				A2BBCAEB288DCD6F00E14EF1 /* test.txt */,
				A2B69990287F8F88008C6A9F /* main.cpp */,
				A2B69997287F9EDA008C6A9F /* Point.cpp */,
				A2B69998287F9EDA008C6A9F /* Point.hpp */,
				A2B6999A28820829008C6A9F /* HashTable.cpp */,
				A2B6999B28820829008C6A9F /* HashTable.hpp */,
				A2BC39BB2886229B001A3D4C /* LinkedList.cpp */,
				A2BC39BC2886229B001A3D4C /* LinkedList.hpp */,
				A2C1AF53288747CC00B89459 /* BitManipulator.cpp */,
				A2C1AF54288747CC00B89459 /* BitManipulator.hpp */,
				A220F7A1288DA7A20089EE56 /* ExceptionPractice.cpp */,
				A220F7A2288DA7A20089EE56 /* ExceptionPractice.hpp */,
				A220F7A4288DAAEF0089EE56 /* TextFilePractice.cpp */,
				A220F7A5288DAAEF0089EE56 /* TextFilePractice.hpp */,
			);
			path = "PracticeC++";
			sourceTree = "<group>";
		};
		A2C1AF4828871FB700B89459 /* testingtster */ = {
			isa = PBXGroup;
			children = (
				A2C1AF502887259900B89459 /* testingtster.mm */,
			);
			path = testingtster;
			sourceTree = "<group>";
		};
/* End PBXGroup section */

/* Begin PBXNativeTarget section */
		A2B6998C287F8F88008C6A9F /* PracticeC++ */ = {
			isa = PBXNativeTarget;
			buildConfigurationList = A2B69994287F8F88008C6A9F /* Build configuration list for PBXNativeTarget "PracticeC++" */;
			buildPhases = (
				A2B69989287F8F88008C6A9F /* Sources */,
				A2B6998A287F8F88008C6A9F /* Frameworks */,
				A2B6998B287F8F88008C6A9F /* CopyFiles */,
			);
			buildRules = (
			);
			dependencies = (
			);
			name = "PracticeC++";
			productName = "PracticeC++";
			productReference = A2B6998D287F8F88008C6A9F /* PracticeC++ */;
			productType = "com.apple.product-type.tool";
		};
		A2C1AF3728870E6100B89459 /* UnitTester */ = {
			isa = PBXNativeTarget;
			buildConfigurationList = A2C1AF3E28870E6100B89459 /* Build configuration list for PBXNativeTarget "UnitTester" */;
			buildPhases = (
				A2C1AF3428870E6100B89459 /* Sources */,
				A2C1AF3528870E6100B89459 /* Frameworks */,
				A2C1AF3628870E6100B89459 /* Resources */,
			);
			buildRules = (
			);
			dependencies = (
			);
			name = UnitTester;
			productName = UnitTester;
			productReference = A2C1AF3828870E6100B89459 /* UnitTester.xctest */;
			productType = "com.apple.product-type.bundle.unit-test";
		};
		A2C1AF4628871FB700B89459 /* testingtster */ = {
			isa = PBXNativeTarget;
			buildConfigurationList = A2C1AF4B28871FB700B89459 /* Build configuration list for PBXNativeTarget "testingtster" */;
			buildPhases = (
				A2C1AF4328871FB700B89459 /* Sources */,
				A2C1AF4428871FB700B89459 /* Frameworks */,
				A2C1AF4528871FB700B89459 /* Resources */,
			);
			buildRules = (
			);
			dependencies = (
			);
			name = testingtster;
			productName = testingtster;
			productReference = A2C1AF4728871FB700B89459 /* testingtster.xctest */;
			productType = "com.apple.product-type.bundle.unit-test";
		};
/* End PBXNativeTarget section */

/* Begin PBXProject section */
		A2B69985287F8F88008C6A9F /* Project object */ = {
			isa = PBXProject;
			attributes = {
				BuildIndependentTargetsInParallel = 1;
				LastUpgradeCheck = 1320;
				TargetAttributes = {
					A2B6998C287F8F88008C6A9F = {
						CreatedOnToolsVersion = 13.2.1;
					};
					A2C1AF3728870E6100B89459 = {
						CreatedOnToolsVersion = 13.2.1;
					};
					A2C1AF4628871FB700B89459 = {
						CreatedOnToolsVersion = 13.2.1;
					};
				};
			};
			buildConfigurationList = A2B69988287F8F88008C6A9F /* Build configuration list for PBXProject "PracticeC++" */;
			compatibilityVersion = "Xcode 13.0";
			developmentRegion = en;
			hasScannedForEncodings = 0;
			knownRegions = (
				en,
				Base,
			);
			mainGroup = A2B69984287F8F88008C6A9F;
			productRefGroup = A2B6998E287F8F88008C6A9F /* Products */;
			projectDirPath = "";
			projectRoot = "";
			targets = (
				A2B6998C287F8F88008C6A9F /* PracticeC++ */,
				A2C1AF3728870E6100B89459 /* UnitTester */,
				A2C1AF4628871FB700B89459 /* testingtster */,
			);
		};
/* End PBXProject section */

/* Begin PBXResourcesBuildPhase section */
		A2C1AF3628870E6100B89459 /* Resources */ = {
			isa = PBXResourcesBuildPhase;
			buildActionMask = 2147483647;
			files = (
			);
			runOnlyForDeploymentPostprocessing = 0;
		};
		A2C1AF4528871FB700B89459 /* Resources */ = {
			isa = PBXResourcesBuildPhase;
			buildActionMask = 2147483647;
			files = (
			);
			runOnlyForDeploymentPostprocessing = 0;
		};
/* End PBXResourcesBuildPhase section */

/* Begin PBXSourcesBuildPhase section */
		A2B69989287F8F88008C6A9F /* Sources */ = {
			isa = PBXSourcesBuildPhase;
			buildActionMask = 2147483647;
			files = (
				A2B69999287F9EDA008C6A9F /* Point.cpp in Sources */,
				A2B69991287F8F88008C6A9F /* main.cpp in Sources */,
				A220F7A3288DA7A20089EE56 /* ExceptionPractice.cpp in Sources */,
				A2BC39BD2886229B001A3D4C /* LinkedList.cpp in Sources */,
				A2B6999C28820829008C6A9F /* HashTable.cpp in Sources */,
				A2C1AF55288747CC00B89459 /* BitManipulator.cpp in Sources */,
				A220F7A6288DAAEF0089EE56 /* TextFilePractice.cpp in Sources */,
			);
			runOnlyForDeploymentPostprocessing = 0;
		};
		A2C1AF3428870E6100B89459 /* Sources */ = {
			isa = PBXSourcesBuildPhase;
			buildActionMask = 2147483647;
			files = (
			);
			runOnlyForDeploymentPostprocessing = 0;
		};
		A2C1AF4328871FB700B89459 /* Sources */ = {
			isa = PBXSourcesBuildPhase;
			buildActionMask = 2147483647;
			files = (
				A2C1AF5228872A2500B89459 /* LinkedList.cpp in Sources */,
				A2C1AF512887259900B89459 /* testingtster.mm in Sources */,
			);
			runOnlyForDeploymentPostprocessing = 0;
		};
/* End PBXSourcesBuildPhase section */

/* Begin XCBuildConfiguration section */
		A2B69992287F8F88008C6A9F /* Debug */ = {
			isa = XCBuildConfiguration;
			buildSettings = {
				ALWAYS_SEARCH_USER_PATHS = NO;
				CLANG_ANALYZER_NONNULL = YES;
				CLANG_ANALYZER_NUMBER_OBJECT_CONVERSION = YES_AGGRESSIVE;
				CLANG_CXX_LANGUAGE_STANDARD = "gnu++17";
				CLANG_CXX_LIBRARY = "libc++";
				CLANG_ENABLE_MODULES = YES;
				CLANG_ENABLE_OBJC_ARC = YES;
				CLANG_ENABLE_OBJC_WEAK = YES;
				CLANG_WARN_BLOCK_CAPTURE_AUTORELEASING = YES;
				CLANG_WARN_BOOL_CONVERSION = YES;
				CLANG_WARN_COMMA = YES;
				CLANG_WARN_CONSTANT_CONVERSION = YES;
				CLANG_WARN_DEPRECATED_OBJC_IMPLEMENTATIONS = YES;
				CLANG_WARN_DIRECT_OBJC_ISA_USAGE = YES_ERROR;
				CLANG_WARN_DOCUMENTATION_COMMENTS = YES;
				CLANG_WARN_EMPTY_BODY = YES;
				CLANG_WARN_ENUM_CONVERSION = YES;
				CLANG_WARN_INFINITE_RECURSION = YES;
				CLANG_WARN_INT_CONVERSION = YES;
				CLANG_WARN_NON_LITERAL_NULL_CONVERSION = YES;
				CLANG_WARN_OBJC_IMPLICIT_RETAIN_SELF = YES;
				CLANG_WARN_OBJC_LITERAL_CONVERSION = YES;
				CLANG_WARN_OBJC_ROOT_CLASS = YES_ERROR;
				CLANG_WARN_QUOTED_INCLUDE_IN_FRAMEWORK_HEADER = YES;
				CLANG_WARN_RANGE_LOOP_ANALYSIS = YES;
				CLANG_WARN_STRICT_PROTOTYPES = YES;
				CLANG_WARN_SUSPICIOUS_MOVE = YES;
				CLANG_WARN_UNGUARDED_AVAILABILITY = YES_AGGRESSIVE;
				CLANG_WARN_UNREACHABLE_CODE = YES;
				CLANG_WARN__DUPLICATE_METHOD_MATCH = YES;
				COPY_PHASE_STRIP = NO;
				DEBUG_INFORMATION_FORMAT = dwarf;
				ENABLE_STRICT_OBJC_MSGSEND = YES;
				ENABLE_TESTABILITY = YES;
				GCC_C_LANGUAGE_STANDARD = gnu11;
				GCC_DYNAMIC_NO_PIC = NO;
				GCC_NO_COMMON_BLOCKS = YES;
				GCC_OPTIMIZATION_LEVEL = 0;
				GCC_PREPROCESSOR_DEFINITIONS = (
					"DEBUG=1",
					"$(inherited)",
				);
				GCC_WARN_64_TO_32_BIT_CONVERSION = YES;
				GCC_WARN_ABOUT_RETURN_TYPE = YES_ERROR;
				GCC_WARN_UNDECLARED_SELECTOR = YES;
				GCC_WARN_UNINITIALIZED_AUTOS = YES_AGGRESSIVE;
				GCC_WARN_UNUSED_FUNCTION = YES;
				GCC_WARN_UNUSED_VARIABLE = YES;
				MACOSX_DEPLOYMENT_TARGET = 12.1;
				MTL_ENABLE_DEBUG_INFO = INCLUDE_SOURCE;
				MTL_FAST_MATH = YES;
				ONLY_ACTIVE_ARCH = YES;
				SDKROOT = macosx;
			};
			name = Debug;
		};
		A2B69993287F8F88008C6A9F /* Release */ = {
			isa = XCBuildConfiguration;
			buildSettings = {
				ALWAYS_SEARCH_USER_PATHS = NO;
				CLANG_ANALYZER_NONNULL = YES;
				CLANG_ANALYZER_NUMBER_OBJECT_CONVERSION = YES_AGGRESSIVE;
				CLANG_CXX_LANGUAGE_STANDARD = "gnu++17";
				CLANG_CXX_LIBRARY = "libc++";
				CLANG_ENABLE_MODULES = YES;
				CLANG_ENABLE_OBJC_ARC = YES;
				CLANG_ENABLE_OBJC_WEAK = YES;
				CLANG_WARN_BLOCK_CAPTURE_AUTORELEASING = YES;
				CLANG_WARN_BOOL_CONVERSION = YES;
				CLANG_WARN_COMMA = YES;
				CLANG_WARN_CONSTANT_CONVERSION = YES;
				CLANG_WARN_DEPRECATED_OBJC_IMPLEMENTATIONS = YES;
				CLANG_WARN_DIRECT_OBJC_ISA_USAGE = YES_ERROR;
				CLANG_WARN_DOCUMENTATION_COMMENTS = YES;
				CLANG_WARN_EMPTY_BODY = YES;
				CLANG_WARN_ENUM_CONVERSION = YES;
				CLANG_WARN_INFINITE_RECURSION = YES;
				CLANG_WARN_INT_CONVERSION = YES;
				CLANG_WARN_NON_LITERAL_NULL_CONVERSION = YES;
				CLANG_WARN_OBJC_IMPLICIT_RETAIN_SELF = YES;
				CLANG_WARN_OBJC_LITERAL_CONVERSION = YES;
				CLANG_WARN_OBJC_ROOT_CLASS = YES_ERROR;
				CLANG_WARN_QUOTED_INCLUDE_IN_FRAMEWORK_HEADER = YES;
				CLANG_WARN_RANGE_LOOP_ANALYSIS = YES;
				CLANG_WARN_STRICT_PROTOTYPES = YES;
				CLANG_WARN_SUSPICIOUS_MOVE = YES;
				CLANG_WARN_UNGUARDED_AVAILABILITY = YES_AGGRESSIVE;
				CLANG_WARN_UNREACHABLE_CODE = YES;
				CLANG_WARN__DUPLICATE_METHOD_MATCH = YES;
				COPY_PHASE_STRIP = NO;
				DEBUG_INFORMATION_FORMAT = "dwarf-with-dsym";
				ENABLE_NS_ASSERTIONS = NO;
				ENABLE_STRICT_OBJC_MSGSEND = YES;
				GCC_C_LANGUAGE_STANDARD = gnu11;
				GCC_NO_COMMON_BLOCKS = YES;
				GCC_WARN_64_TO_32_BIT_CONVERSION = YES;
				GCC_WARN_ABOUT_RETURN_TYPE = YES_ERROR;
				GCC_WARN_UNDECLARED_SELECTOR = YES;
				GCC_WARN_UNINITIALIZED_AUTOS = YES_AGGRESSIVE;
				GCC_WARN_UNUSED_FUNCTION = YES;
				GCC_WARN_UNUSED_VARIABLE = YES;
				MACOSX_DEPLOYMENT_TARGET = 12.1;
				MTL_ENABLE_DEBUG_INFO = NO;
				MTL_FAST_MATH = YES;
				SDKROOT = macosx;
			};
			name = Release;
		};
		A2B69995287F8F88008C6A9F /* Debug */ = {
			isa = XCBuildConfiguration;
			buildSettings = {
				CODE_SIGN_STYLE = Automatic;
				DEVELOPMENT_TEAM = 7XFT9HGW5H;
				ENABLE_HARDENED_RUNTIME = YES;
				PRODUCT_NAME = "$(TARGET_NAME)";
			};
			name = Debug;
		};
		A2B69996287F8F88008C6A9F /* Release */ = {
			isa = XCBuildConfiguration;
			buildSettings = {
				CODE_SIGN_STYLE = Automatic;
				DEVELOPMENT_TEAM = 7XFT9HGW5H;
				ENABLE_HARDENED_RUNTIME = YES;
				PRODUCT_NAME = "$(TARGET_NAME)";
			};
			name = Release;
		};
		A2C1AF3C28870E6100B89459 /* Debug */ = {
			isa = XCBuildConfiguration;
			buildSettings = {
				CODE_SIGN_STYLE = Automatic;
				CURRENT_PROJECT_VERSION = 1;
				DEVELOPMENT_TEAM = 7XFT9HGW5H;
				GENERATE_INFOPLIST_FILE = YES;
				MARKETING_VERSION = 1.0;
				PRODUCT_BUNDLE_IDENTIFIER = com.ScottNovak.UnitTester;
				PRODUCT_NAME = "$(TARGET_NAME)";
				SWIFT_EMIT_LOC_STRINGS = NO;
			};
			name = Debug;
		};
		A2C1AF3D28870E6100B89459 /* Release */ = {
			isa = XCBuildConfiguration;
			buildSettings = {
				CODE_SIGN_STYLE = Automatic;
				CURRENT_PROJECT_VERSION = 1;
				DEVELOPMENT_TEAM = 7XFT9HGW5H;
				GENERATE_INFOPLIST_FILE = YES;
				MARKETING_VERSION = 1.0;
				PRODUCT_BUNDLE_IDENTIFIER = com.ScottNovak.UnitTester;
				PRODUCT_NAME = "$(TARGET_NAME)";
				SWIFT_EMIT_LOC_STRINGS = NO;
			};
			name = Release;
		};
		A2C1AF4C28871FB700B89459 /* Debug */ = {
			isa = XCBuildConfiguration;
			buildSettings = {
				CODE_SIGN_STYLE = Automatic;
				CURRENT_PROJECT_VERSION = 1;
				DEVELOPMENT_TEAM = 7XFT9HGW5H;
				GENERATE_INFOPLIST_FILE = YES;
				MARKETING_VERSION = 1.0;
				PRODUCT_BUNDLE_IDENTIFIER = com.ScottNovak.testingtster;
				PRODUCT_NAME = "$(TARGET_NAME)";
				SWIFT_EMIT_LOC_STRINGS = NO;
			};
			name = Debug;
		};
		A2C1AF4D28871FB700B89459 /* Release */ = {
			isa = XCBuildConfiguration;
			buildSettings = {
				CODE_SIGN_STYLE = Automatic;
				CURRENT_PROJECT_VERSION = 1;
				DEVELOPMENT_TEAM = 7XFT9HGW5H;
				GENERATE_INFOPLIST_FILE = YES;
				MARKETING_VERSION = 1.0;
				PRODUCT_BUNDLE_IDENTIFIER = com.ScottNovak.testingtster;
				PRODUCT_NAME = "$(TARGET_NAME)";
				SWIFT_EMIT_LOC_STRINGS = NO;
			};
			name = Release;
		};
/* End XCBuildConfiguration section */

/* Begin XCConfigurationList section */
		A2B69988287F8F88008C6A9F /* Build configuration list for PBXProject "PracticeC++" */ = {
			isa = XCConfigurationList;
			buildConfigurations = (
				A2B69992287F8F88008C6A9F /* Debug */,
				A2B69993287F8F88008C6A9F /* Release */,
			);
			defaultConfigurationIsVisible = 0;
			defaultConfigurationName = Release;
		};
		A2B69994287F8F88008C6A9F /* Build configuration list for PBXNativeTarget "PracticeC++" */ = {
			isa = XCConfigurationList;
			buildConfigurations = (
				A2B69995287F8F88008C6A9F /* Debug */,
				A2B69996287F8F88008C6A9F /* Release */,
			);
			defaultConfigurationIsVisible = 0;
			defaultConfigurationName = Release;
		};
		A2C1AF3E28870E6100B89459 /* Build configuration list for PBXNativeTarget "UnitTester" */ = {
			isa = XCConfigurationList;
			buildConfigurations = (
				A2C1AF3C28870E6100B89459 /* Debug */,
				A2C1AF3D28870E6100B89459 /* Release */,
			);
			defaultConfigurationIsVisible = 0;
			defaultConfigurationName = Release;
		};
		A2C1AF4B28871FB700B89459 /* Build configuration list for PBXNativeTarget "testingtster" */ = {
			isa = XCConfigurationList;
			buildConfigurations = (
				A2C1AF4C28871FB700B89459 /* Debug */,
				A2C1AF4D28871FB700B89459 /* Release */,
			);
			defaultConfigurationIsVisible = 0;
			defaultConfigurationName = Release;
		};
/* End XCConfigurationList section */
	};
	rootObject = A2B69985287F8F88008C6A9F /* Project object */;
}
